
Microsoft Visual Studio Solution File, Format Version 12.00
# Visual Studio 15
VisualStudioVersion = 15.0.28010.2048
MinimumVisualStudioVersion = 10.0.40219.1
Project("{FAE04EC0-301F-11D3-BF4B-00C04F79EFBC}") = "Hex Editor", "Hex Editor\Hex Editor.csproj", "{38EF2708-E379-4CEC-9E54-C8A82A81A781}"
EndProject
Global
	GlobalSection(SolutionConfigurationPlatforms) = preSolution
		Debug|Any CPU = Debug|Any CPU
		Release|Any CPU = Release|Any CPU
	EndGlobalSection
	GlobalSection(ProjectConfigurationPlatforms) = postSolution
		{38EF2708-E379-4CEC-9E54-C8A82A81A781}.Debug|Any CPU.ActiveCfg = Debug|Any CPU
		{38EF2708-E379-4CEC-9E54-C8A82A81A781}.Debug|Any CPU.Build.0 = Debug|Any CPU
		{38EF2708-E379-4CEC-9E54-C8A82A81A781}.Release|Any CPU.ActiveCfg = Release|Any CPU
		{38EF2708-E379-4CEC-9E54-C8A82A81A781}.Release|Any CPU.Build.0 = Release|Any CPU
	EndGlobalSection
	GlobalSection(SolutionProperties) = preSolution
		HideSolutionNode = FALSE
	EndGlobalSection
	GlobalSection(ExtensibilityGlobals) = postSolution
		SolutionGuid = {1AD6F7FF-361A-41B7-94C7-BE52F7909706}
	EndGlobalSection
EndGlobal
